{
  "name": "@bobbit-fixture/wrapper",
  "version": "1.0.0",
  "lockfileVersion": 3,
  "requires": true,
  "packages": {
    "": {
      "name": "@bobbit-fixture/wrapper",
      "version": "1.0.0",
      "dependencies": {
        "@bobbit-fixture/published-agent": "file:../packages/published-agent"
      }
    },
    "node_modules/@bobbit-fixture/published-agent": {
      "name": "@bobbit-fixture/published-agent",
      "version": "1.0.0",
      "resolved": "file:../packages/published-agent",
      "dependencies": {
        "protobufjs": "^7.6.4"
      }
    },
    "node_modules/protobufjs": {
      "version": "7.6.5",
      "resolved": "file:../packages/protobufjs-fixed"
    }
  }
}
